
Microsoft Visual Studio Solution File, Format Version 12.00
# Visual Studio 15
VisualStudioVersion = 15.0.27703.2035
MinimumVisualStudioVersion = 10.0.40219.1
Project("{2150E333-8FDC-42A3-9474-1A3956D46DE8}") = "05-TesteUnitario", "05-TesteUnitario", "{43FBCF36-BC87-4ACE-9C7F-8263BEDDAF08}"
EndProject
Project("{2150E333-8FDC-42A3-9474-1A3956D46DE8}") = "01-Mock", "01-Mock", "{2F5EDE2A-BBC3-491E-9D30-3F26A8C37A12}"
EndProject
Project("{2150E333-8FDC-42A3-9474-1A3956D46DE8}") = "04-FluentAssertions", "04-FluentAssertions", "{C63A5223-DDC6-463D-88A0-8DCB3B48C885}"
EndProject
Project("{2150E333-8FDC-42A3-9474-1A3956D46DE8}") = "02-AutoMoq", "02-AutoMoq", "{EE387570-D21A-43A5-ADB9-8E768ED83170}"
EndProject
Project("{2150E333-8FDC-42A3-9474-1A3956D46DE8}") = "03-Bogus", "03-Bogus", "{1CA3437B-8A25-46C8-A02B-385BE42B3B5A}"
EndProject
Project("{2150E333-8FDC-42A3-9474-1A3956D46DE8}") = "06-TesteIntegracao", "06-TesteIntegracao", "{FB74920F-1330-4C8C-856E-4552A42B200B}"
EndProject
Project("{FAE04EC0-301F-11D3-BF4B-00C04F79EFBC}") = "Automovel", "Automovel\Automovel.csproj", "{D3FA907F-CCE4-4D18-87A8-605FB3C22E61}"
EndProject
Project("{FAE04EC0-301F-11D3-BF4B-00C04F79EFBC}") = "Cliente", "Cliente\Cliente.csproj", "{93E86394-3AA8-4ECE-B19C-F10062EF919A}"
EndProject
Project("{FAE04EC0-301F-11D3-BF4B-00C04F79EFBC}") = "Funcionario", "Funcionario\Funcionario.csproj", "{769BE7AF-F4C6-4BD8-9B83-4DDAEC98F640}"
EndProject
Project("{FAE04EC0-301F-11D3-BF4B-00C04F79EFBC}") = "FluentAssertionsTeste", "FluentAssertions\FluentAssertionsTeste.csproj", "{2A9CE809-3C51-47BA-9D04-78F9A8C12014}"
EndProject
Project("{FAE04EC0-301F-11D3-BF4B-00C04F79EFBC}") = "Calculo", "Calculo\Calculo.csproj", "{AABCECF6-B61A-4BAA-AF8B-A5E200FBE114}"
EndProject
Project("{FAE04EC0-301F-11D3-BF4B-00C04F79EFBC}") = "Calculo.Tests", "Calculo.Tests\Calculo.Tests.csproj", "{13822438-7874-468A-AA59-D0E1447A2770}"
EndProject
Project("{2150E333-8FDC-42A3-9474-1A3956D46DE8}") = "TDD-BDD", "TDD-BDD", "{638EEE13-CC94-49BD-A027-573574A24B17}"
EndProject
Project("{FAE04EC0-301F-11D3-BF4B-00C04F79EFBC}") = "01-Banco", "Banco\01-Banco.csproj", "{B9745CC9-5183-44E8-920F-63729399E1F8}"
EndProject
Project("{FAE04EC0-301F-11D3-BF4B-00C04F79EFBC}") = "02-Banco.Tests", "Banco.Tests\02-Banco.Tests.csproj", "{2936CE53-3180-46BE-B78F-350F76EF2015}"
EndProject
Project("{FAE04EC0-301F-11D3-BF4B-00C04F79EFBC}") = "03-Banco.Aceitacao.Tests", "Banco.Aceitacao.Tests\03-Banco.Aceitacao.Tests.csproj", "{E3926ED8-7BE9-436E-93C3-6FAA81D22D26}"
EndProject
Project("{2150E333-8FDC-42A3-9474-1A3956D46DE8}") = "07-Selenium", "07-Selenium", "{853D849B-364B-47F6-95A1-3E49276391A5}"
EndProject
Global
	GlobalSection(SolutionConfigurationPlatforms) = preSolution
		Debug|Any CPU = Debug|Any CPU
		Release|Any CPU = Release|Any CPU
	EndGlobalSection
	GlobalSection(ProjectConfigurationPlatforms) = postSolution
		{D3FA907F-CCE4-4D18-87A8-605FB3C22E61}.Debug|Any CPU.ActiveCfg = Debug|Any CPU
		{D3FA907F-CCE4-4D18-87A8-605FB3C22E61}.Debug|Any CPU.Build.0 = Debug|Any CPU
		{D3FA907F-CCE4-4D18-87A8-605FB3C22E61}.Release|Any CPU.ActiveCfg = Release|Any CPU
		{D3FA907F-CCE4-4D18-87A8-605FB3C22E61}.Release|Any CPU.Build.0 = Release|Any CPU
		{93E86394-3AA8-4ECE-B19C-F10062EF919A}.Debug|Any CPU.ActiveCfg = Debug|Any CPU
		{93E86394-3AA8-4ECE-B19C-F10062EF919A}.Debug|Any CPU.Build.0 = Debug|Any CPU
		{93E86394-3AA8-4ECE-B19C-F10062EF919A}.Release|Any CPU.ActiveCfg = Release|Any CPU
		{93E86394-3AA8-4ECE-B19C-F10062EF919A}.Release|Any CPU.Build.0 = Release|Any CPU
		{769BE7AF-F4C6-4BD8-9B83-4DDAEC98F640}.Debug|Any CPU.ActiveCfg = Debug|Any CPU
		{769BE7AF-F4C6-4BD8-9B83-4DDAEC98F640}.Debug|Any CPU.Build.0 = Debug|Any CPU
		{769BE7AF-F4C6-4BD8-9B83-4DDAEC98F640}.Release|Any CPU.ActiveCfg = Release|Any CPU
		{769BE7AF-F4C6-4BD8-9B83-4DDAEC98F640}.Release|Any CPU.Build.0 = Release|Any CPU
		{2A9CE809-3C51-47BA-9D04-78F9A8C12014}.Debug|Any CPU.ActiveCfg = Debug|Any CPU
		{2A9CE809-3C51-47BA-9D04-78F9A8C12014}.Debug|Any CPU.Build.0 = Debug|Any CPU
		{2A9CE809-3C51-47BA-9D04-78F9A8C12014}.Release|Any CPU.ActiveCfg = Release|Any CPU
		{2A9CE809-3C51-47BA-9D04-78F9A8C12014}.Release|Any CPU.Build.0 = Release|Any CPU
		{AABCECF6-B61A-4BAA-AF8B-A5E200FBE114}.Debug|Any CPU.ActiveCfg = Debug|Any CPU
		{AABCECF6-B61A-4BAA-AF8B-A5E200FBE114}.Debug|Any CPU.Build.0 = Debug|Any CPU
		{AABCECF6-B61A-4BAA-AF8B-A5E200FBE114}.Release|Any CPU.ActiveCfg = Release|Any CPU
		{AABCECF6-B61A-4BAA-AF8B-A5E200FBE114}.Release|Any CPU.Build.0 = Release|Any CPU
		{13822438-7874-468A-AA59-D0E1447A2770}.Debug|Any CPU.ActiveCfg = Debug|Any CPU
		{13822438-7874-468A-AA59-D0E1447A2770}.Debug|Any CPU.Build.0 = Debug|Any CPU
		{13822438-7874-468A-AA59-D0E1447A2770}.Release|Any CPU.ActiveCfg = Release|Any CPU
		{13822438-7874-468A-AA59-D0E1447A2770}.Release|Any CPU.Build.0 = Release|Any CPU
		{B9745CC9-5183-44E8-920F-63729399E1F8}.Debug|Any CPU.ActiveCfg = Debug|Any CPU
		{B9745CC9-5183-44E8-920F-63729399E1F8}.Debug|Any CPU.Build.0 = Debug|Any CPU
		{B9745CC9-5183-44E8-920F-63729399E1F8}.Release|Any CPU.ActiveCfg = Release|Any CPU
		{B9745CC9-5183-44E8-920F-63729399E1F8}.Release|Any CPU.Build.0 = Release|Any CPU
		{2936CE53-3180-46BE-B78F-350F76EF2015}.Debug|Any CPU.ActiveCfg = Debug|Any CPU
		{2936CE53-3180-46BE-B78F-350F76EF2015}.Debug|Any CPU.Build.0 = Debug|Any CPU
		{2936CE53-3180-46BE-B78F-350F76EF2015}.Release|Any CPU.ActiveCfg = Release|Any CPU
		{2936CE53-3180-46BE-B78F-350F76EF2015}.Release|Any CPU.Build.0 = Release|Any CPU
		{E3926ED8-7BE9-436E-93C3-6FAA81D22D26}.Debug|Any CPU.ActiveCfg = Debug|Any CPU
		{E3926ED8-7BE9-436E-93C3-6FAA81D22D26}.Debug|Any CPU.Build.0 = Debug|Any CPU
		{E3926ED8-7BE9-436E-93C3-6FAA81D22D26}.Release|Any CPU.ActiveCfg = Release|Any CPU
		{E3926ED8-7BE9-436E-93C3-6FAA81D22D26}.Release|Any CPU.Build.0 = Release|Any CPU
	EndGlobalSection
	GlobalSection(SolutionProperties) = preSolution
		HideSolutionNode = FALSE
	EndGlobalSection
	GlobalSection(NestedProjects) = preSolution
		{D3FA907F-CCE4-4D18-87A8-605FB3C22E61} = {2F5EDE2A-BBC3-491E-9D30-3F26A8C37A12}
		{93E86394-3AA8-4ECE-B19C-F10062EF919A} = {EE387570-D21A-43A5-ADB9-8E768ED83170}
		{769BE7AF-F4C6-4BD8-9B83-4DDAEC98F640} = {1CA3437B-8A25-46C8-A02B-385BE42B3B5A}
		{2A9CE809-3C51-47BA-9D04-78F9A8C12014} = {C63A5223-DDC6-463D-88A0-8DCB3B48C885}
		{AABCECF6-B61A-4BAA-AF8B-A5E200FBE114} = {43FBCF36-BC87-4ACE-9C7F-8263BEDDAF08}
		{13822438-7874-468A-AA59-D0E1447A2770} = {43FBCF36-BC87-4ACE-9C7F-8263BEDDAF08}
		{638EEE13-CC94-49BD-A027-573574A24B17} = {FB74920F-1330-4C8C-856E-4552A42B200B}
		{B9745CC9-5183-44E8-920F-63729399E1F8} = {638EEE13-CC94-49BD-A027-573574A24B17}
		{2936CE53-3180-46BE-B78F-350F76EF2015} = {638EEE13-CC94-49BD-A027-573574A24B17}
		{E3926ED8-7BE9-436E-93C3-6FAA81D22D26} = {638EEE13-CC94-49BD-A027-573574A24B17}
	EndGlobalSection
	GlobalSection(ExtensibilityGlobals) = postSolution
		SolutionGuid = {778FCB8D-3D97-4C49-A6E3-C6CFB916281D}
	EndGlobalSection
EndGlobal
